Microsoft Visual Studio Solution File, Format Version 12.00
# Visual Studio Version 17
VisualStudioVersion = 17.5.2.0
MinimumVisualStudioVersion = 10.0.40219.1
Project("{FAE04EC0-301F-11D3-BF4B-00C04F79EFBC}") = "Voyager.Common.Proxy", "src\Voyager.Common.Proxy.csproj", "{546A8978-3E15-0901-A139-080F75A2421D}"
EndProject
Global
	GlobalSection(SolutionConfigurationPlatforms) = preSolution
		Debug|Any CPU = Debug|Any CPU
		Release|Any CPU = Release|Any CPU
	EndGlobalSection
	GlobalSection(ProjectConfigurationPlatforms) = postSolution
		{546A8978-3E15-0901-A139-080F75A2421D}.Debug|Any CPU.ActiveCfg = Debug|Any CPU
		{546A8978-3E15-0901-A139-080F75A2421D}.Debug|Any CPU.Build.0 = Debug|Any CPU
		{546A8978-3E15-0901-A139-080F75A2421D}.Release|Any CPU.ActiveCfg = Release|Any CPU
		{546A8978-3E15-0901-A139-080F75A2421D}.Release|Any CPU.Build.0 = Release|Any CPU
	EndGlobalSection
	GlobalSection(SolutionProperties) = preSolution
		HideSolutionNode = FALSE
	EndGlobalSection
	GlobalSection(ExtensibilityGlobals) = postSolution
		SolutionGuid = {17F1A540-8951-4C10-A851-3B34B46187E3}
	EndGlobalSection
EndGlobal
